
Microsoft Visual Studio Solution File, Format Version 12.00
# Visual Studio Version 17
VisualStudioVersion = 17.9.34622.214
MinimumVisualStudioVersion = 10.0.40219.1
Project("{FAE04EC0-301F-11D3-BF4B-00C04F79EFBC}") = "backend", "backend.csproj", "{91581A61-FEDA-476D-B24A-7428E0B495ED}"
EndProject
Global
	GlobalSection(SolutionConfigurationPlatforms) = preSolution
		Debug|Any CPU = Debug|Any CPU
		Release|Any CPU = Release|Any CPU
	EndGlobalSection
	GlobalSection(ProjectConfigurationPlatforms) = postSolution
		{91581A61-FEDA-476D-B24A-7428E0B495ED}.Debug|Any CPU.ActiveCfg = Debug|Any CPU
		{91581A61-FEDA-476D-B24A-7428E0B495ED}.Debug|Any CPU.Build.0 = Debug|Any CPU
		{91581A61-FEDA-476D-B24A-7428E0B495ED}.Release|Any CPU.ActiveCfg = Release|Any CPU
		{91581A61-FEDA-476D-B24A-7428E0B495ED}.Release|Any CPU.Build.0 = Release|Any CPU
	EndGlobalSection
	GlobalSection(SolutionProperties) = preSolution
		HideSolutionNode = FALSE
	EndGlobalSection
	GlobalSection(ExtensibilityGlobals) = postSolution
		SolutionGuid = {131D6AD8-0054-4391-A224-478D287D6617}
	EndGlobalSection
EndGlobal
